{
  "name": "@hyy-cli-dev/core",
  "version": "1.0.6",
  "lockfileVersion": 2,
  "requires": true,
  "packages": {
    "": {
      "name": "@hyy-cli-dev/core",
      "version": "1.0.6",
      "license": "ISC",
      "dependencies": {
        "@hyy-cli-dev/utils": "file:../../utils/utils"
      },
      "bin": {
        "hyy-cli-dev": "bin/index.js"
      }
    },
    "../../utils/utils": {
      "name": "@hyy-cli-dev/utils",
      "version": "1.0.6",
      "license": "ISC"
    },
    "node_modules/@hyy-cli-dev/utils": {
      "resolved": "../../utils/utils",
      "link": true
    }
  },
  "dependencies": {
    "@hyy-cli-dev/utils": {
      "version": "file:../../utils/utils"
    }
  }
}
